
Microsoft Visual Studio Solution File, Format Version 12.00
# Visual Studio Version 16
VisualStudioVersion = 16.0.31410.357
MinimumVisualStudioVersion = 10.0.40219.1
Project("{FAE04EC0-301F-11D3-BF4B-00C04F79EFBC}") = "EstudoSets", "EstudoSets\EstudoSets.csproj", "{B78BAF6B-DD73-41E1-8EB8-D9CC45019AF5}"
EndProject
Global
	GlobalSection(SolutionConfigurationPlatforms) = preSolution
		Debug|Any CPU = Debug|Any CPU
		Release|Any CPU = Release|Any CPU
	EndGlobalSection
	GlobalSection(ProjectConfigurationPlatforms) = postSolution
		{B78BAF6B-DD73-41E1-8EB8-D9CC45019AF5}.Debug|Any CPU.ActiveCfg = Debug|Any CPU
		{B78BAF6B-DD73-41E1-8EB8-D9CC45019AF5}.Debug|Any CPU.Build.0 = Debug|Any CPU
		{B78BAF6B-DD73-41E1-8EB8-D9CC45019AF5}.Release|Any CPU.ActiveCfg = Release|Any CPU
		{B78BAF6B-DD73-41E1-8EB8-D9CC45019AF5}.Release|Any CPU.Build.0 = Release|Any CPU
	EndGlobalSection
	GlobalSection(SolutionProperties) = preSolution
		HideSolutionNode = FALSE
	EndGlobalSection
	GlobalSection(ExtensibilityGlobals) = postSolution
		SolutionGuid = {3FD5F50D-86AF-4EC8-80D0-E0B691999FBB}
	EndGlobalSection
EndGlobal
