
Microsoft Visual Studio Solution File, Format Version 12.00
# Visual Studio Version 16
VisualStudioVersion = 16.0.31410.357
MinimumVisualStudioVersion = 10.0.40219.1
Project("{FAE04EC0-301F-11D3-BF4B-00C04F79EFBC}") = "JogoAkinator2022", "JogoAkinator2022\JogoAkinator2022.csproj", "{11D45FD4-51A2-436B-826E-DF4A2FCD3C68}"
EndProject
Global
	GlobalSection(SolutionConfigurationPlatforms) = preSolution
		Debug|Any CPU = Debug|Any CPU
		Release|Any CPU = Release|Any CPU
	EndGlobalSection
	GlobalSection(ProjectConfigurationPlatforms) = postSolution
		{11D45FD4-51A2-436B-826E-DF4A2FCD3C68}.Debug|Any CPU.ActiveCfg = Debug|Any CPU
		{11D45FD4-51A2-436B-826E-DF4A2FCD3C68}.Debug|Any CPU.Build.0 = Debug|Any CPU
		{11D45FD4-51A2-436B-826E-DF4A2FCD3C68}.Release|Any CPU.ActiveCfg = Release|Any CPU
		{11D45FD4-51A2-436B-826E-DF4A2FCD3C68}.Release|Any CPU.Build.0 = Release|Any CPU
	EndGlobalSection
	GlobalSection(SolutionProperties) = preSolution
		HideSolutionNode = FALSE
	EndGlobalSection
	GlobalSection(ExtensibilityGlobals) = postSolution
		SolutionGuid = {0F6785BE-BD42-4CE7-BA34-40FF67FA2CD5}
	EndGlobalSection
EndGlobal
