
Microsoft Visual Studio Solution File, Format Version 12.00
# Visual Studio Version 16
VisualStudioVersion = 16.0.31410.357
MinimumVisualStudioVersion = 10.0.40219.1
Project("{FAE04EC0-301F-11D3-BF4B-00C04F79EFBC}") = "EstudoLinkedList", "EstudoLinkedList\EstudoLinkedList.csproj", "{77DDBF21-8AD3-4E83-BCF5-A08ABB01676E}"
EndProject
Global
	GlobalSection(SolutionConfigurationPlatforms) = preSolution
		Debug|Any CPU = Debug|Any CPU
		Release|Any CPU = Release|Any CPU
	EndGlobalSection
	GlobalSection(ProjectConfigurationPlatforms) = postSolution
		{77DDBF21-8AD3-4E83-BCF5-A08ABB01676E}.Debug|Any CPU.ActiveCfg = Debug|Any CPU
		{77DDBF21-8AD3-4E83-BCF5-A08ABB01676E}.Debug|Any CPU.Build.0 = Debug|Any CPU
		{77DDBF21-8AD3-4E83-BCF5-A08ABB01676E}.Release|Any CPU.ActiveCfg = Release|Any CPU
		{77DDBF21-8AD3-4E83-BCF5-A08ABB01676E}.Release|Any CPU.Build.0 = Release|Any CPU
	EndGlobalSection
	GlobalSection(SolutionProperties) = preSolution
		HideSolutionNode = FALSE
	EndGlobalSection
	GlobalSection(ExtensibilityGlobals) = postSolution
		SolutionGuid = {294400FC-E3A8-4047-A5AE-DA5E687B69C0}
	EndGlobalSection
EndGlobal
