
Microsoft Visual Studio Solution File, Format Version 12.00
# Visual Studio Version 16
VisualStudioVersion = 16.0.31410.357
MinimumVisualStudioVersion = 10.0.40219.1
Project("{FAE04EC0-301F-11D3-BF4B-00C04F79EFBC}") = "Exercicio03_Set", "Exercicio03_Set\Exercicio03_Set.csproj", "{F402EAB4-8617-4B2F-81A3-DD1BD3E6F621}"
EndProject
Global
	GlobalSection(SolutionConfigurationPlatforms) = preSolution
		Debug|Any CPU = Debug|Any CPU
		Release|Any CPU = Release|Any CPU
	EndGlobalSection
	GlobalSection(ProjectConfigurationPlatforms) = postSolution
		{F402EAB4-8617-4B2F-81A3-DD1BD3E6F621}.Debug|Any CPU.ActiveCfg = Debug|Any CPU
		{F402EAB4-8617-4B2F-81A3-DD1BD3E6F621}.Debug|Any CPU.Build.0 = Debug|Any CPU
		{F402EAB4-8617-4B2F-81A3-DD1BD3E6F621}.Release|Any CPU.ActiveCfg = Release|Any CPU
		{F402EAB4-8617-4B2F-81A3-DD1BD3E6F621}.Release|Any CPU.Build.0 = Release|Any CPU
	EndGlobalSection
	GlobalSection(SolutionProperties) = preSolution
		HideSolutionNode = FALSE
	EndGlobalSection
	GlobalSection(ExtensibilityGlobals) = postSolution
		SolutionGuid = {5160F106-A3C5-47E4-AD4D-B1F0FFCCB63F}
	EndGlobalSection
EndGlobal
